
Microsoft Visual Studio Solution File, Format Version 12.00
# Visual Studio Version 17
VisualStudioVersion = 17.10.34928.147
MinimumVisualStudioVersion = 10.0.40219.1
Project("{FAE04EC0-301F-11D3-BF4B-00C04F79EFBC}") = "BPUNGUILS5", "BPUNGUILS5.csproj", "{1D0B2A97-F11F-45F5-8F3D-F1A54528F85B}"
EndProject
Global
	GlobalSection(SolutionConfigurationPlatforms) = preSolution
		Debug|Any CPU = Debug|Any CPU
		Release|Any CPU = Release|Any CPU
	EndGlobalSection
	GlobalSection(ProjectConfigurationPlatforms) = postSolution
		{1D0B2A97-F11F-45F5-8F3D-F1A54528F85B}.Debug|Any CPU.ActiveCfg = Debug|Any CPU
		{1D0B2A97-F11F-45F5-8F3D-F1A54528F85B}.Debug|Any CPU.Build.0 = Debug|Any CPU
		{1D0B2A97-F11F-45F5-8F3D-F1A54528F85B}.Debug|Any CPU.Deploy.0 = Debug|Any CPU
		{1D0B2A97-F11F-45F5-8F3D-F1A54528F85B}.Release|Any CPU.ActiveCfg = Release|Any CPU
		{1D0B2A97-F11F-45F5-8F3D-F1A54528F85B}.Release|Any CPU.Build.0 = Release|Any CPU
		{1D0B2A97-F11F-45F5-8F3D-F1A54528F85B}.Release|Any CPU.Deploy.0 = Release|Any CPU
	EndGlobalSection
	GlobalSection(SolutionProperties) = preSolution
		HideSolutionNode = FALSE
	EndGlobalSection
	GlobalSection(ExtensibilityGlobals) = postSolution
		SolutionGuid = {79679456-098B-4815-8C4B-03F8C16F74A4}
	EndGlobalSection
EndGlobal
